{
  "name": "arsenmkhitaryan",
  "version": "1.0.9",
  "lockfileVersion": 3,
  "requires": true,
  "packages": {
    "": {
      "name": "arsenmkhitaryan",
      "version": "1.0.9",
      "license": "ISC",
      "dependencies": {
        "arsenmkhitaryan": "^1.0.9"
      }
    },
    "node_modules/arsenmkhitaryan": {
      "version": "1.0.9",
      "resolved": "https://registry.npmjs.org/arsenmkhitaryan/-/arsenmkhitaryan-1.0.9.tgz",
      "integrity": "sha512-oJ83JRG/sTGyC1ns5Xru4J9Y2LQQ3F4nKsUj7D3podFgZuvINIUdCOL6yVH3UG17XXCZlusICHE+LwkgL1v3EA=="
    }
  }
}
